
Microsoft Visual Studio Solution File, Format Version 12.00
# Visual Studio Version 17
VisualStudioVersion = 17.9.34622.214
MinimumVisualStudioVersion = 10.0.40219.1
Project("{9A19103F-16F7-4668-BE54-9A1E7A4F7556}") = "ProyectoParking-BE", "ProyectoParking-BE\ProyectoParking-BE.csproj", "{E909551B-85AD-465F-BF5D-4633C2E2C06B}"
	ProjectSection(ProjectDependencies) = postProject
		{A531AD01-C968-4CD6-B123-C308AD9549EB} = {A531AD01-C968-4CD6-B123-C308AD9549EB}
	EndProjectSection
EndProject
Project("{FAE04EC0-301F-11D3-BF4B-00C04F79EFBC}") = "ProyectoParkingServices", "ProyectoParkingServices\ProyectoParkingServices.csproj", "{A531AD01-C968-4CD6-B123-C308AD9549EB}"
EndProject
Global
	GlobalSection(SolutionConfigurationPlatforms) = preSolution
		Debug|Any CPU = Debug|Any CPU
		Release|Any CPU = Release|Any CPU
	EndGlobalSection
	GlobalSection(ProjectConfigurationPlatforms) = postSolution
		{E909551B-85AD-465F-BF5D-4633C2E2C06B}.Debug|Any CPU.ActiveCfg = Debug|Any CPU
		{E909551B-85AD-465F-BF5D-4633C2E2C06B}.Debug|Any CPU.Build.0 = Debug|Any CPU
		{E909551B-85AD-465F-BF5D-4633C2E2C06B}.Release|Any CPU.ActiveCfg = Release|Any CPU
		{E909551B-85AD-465F-BF5D-4633C2E2C06B}.Release|Any CPU.Build.0 = Release|Any CPU
		{A531AD01-C968-4CD6-B123-C308AD9549EB}.Debug|Any CPU.ActiveCfg = Debug|Any CPU
		{A531AD01-C968-4CD6-B123-C308AD9549EB}.Debug|Any CPU.Build.0 = Debug|Any CPU
		{A531AD01-C968-4CD6-B123-C308AD9549EB}.Release|Any CPU.ActiveCfg = Release|Any CPU
		{A531AD01-C968-4CD6-B123-C308AD9549EB}.Release|Any CPU.Build.0 = Release|Any CPU
	EndGlobalSection
	GlobalSection(SolutionProperties) = preSolution
		HideSolutionNode = FALSE
	EndGlobalSection
	GlobalSection(ExtensibilityGlobals) = postSolution
		SolutionGuid = {5970E9BF-0094-4425-9BEA-E08FAB3419FA}
	EndGlobalSection
EndGlobal
